
Microsoft Visual Studio Solution File, Format Version 12.00
# Visual Studio Version 17
VisualStudioVersion = 17.1.32228.430
MinimumVisualStudioVersion = 10.0.40219.1
Project("{FAE04EC0-301F-11D3-BF4B-00C04F79EFBC}") = "RazorPagesMovie", "RazorPagesMovie\RazorPagesMovie.csproj", "{41B9E2C4-BFAF-47D8-A2A9-CD31BA37F9D9}"
EndProject
Global
	GlobalSection(SolutionConfigurationPlatforms) = preSolution
		Debug|Any CPU = Debug|Any CPU
		Release|Any CPU = Release|Any CPU
	EndGlobalSection
	GlobalSection(ProjectConfigurationPlatforms) = postSolution
		{41B9E2C4-BFAF-47D8-A2A9-CD31BA37F9D9}.Debug|Any CPU.ActiveCfg = Debug|Any CPU
		{41B9E2C4-BFAF-47D8-A2A9-CD31BA37F9D9}.Debug|Any CPU.Build.0 = Debug|Any CPU
		{41B9E2C4-BFAF-47D8-A2A9-CD31BA37F9D9}.Release|Any CPU.ActiveCfg = Release|Any CPU
		{41B9E2C4-BFAF-47D8-A2A9-CD31BA37F9D9}.Release|Any CPU.Build.0 = Release|Any CPU
	EndGlobalSection
	GlobalSection(SolutionProperties) = preSolution
		HideSolutionNode = FALSE
	EndGlobalSection
	GlobalSection(ExtensibilityGlobals) = postSolution
		SolutionGuid = {4DB174A6-C740-4021-8193-AF7F831DBEE7}
	EndGlobalSection
EndGlobal
